
Microsoft Visual Studio Solution File, Format Version 12.00
# Visual Studio Version 16
VisualStudioVersion = 16.0.31129.286
MinimumVisualStudioVersion = 10.0.40219.1
Project("{FAE04EC0-301F-11D3-BF4B-00C04F79EFBC}") = "20210421_2", "20210421_2\20210421_2.csproj", "{419C7BB4-12CE-445A-B84A-7AFD7D763C7D}"
EndProject
Global
	GlobalSection(SolutionConfigurationPlatforms) = preSolution
		Debug|Any CPU = Debug|Any CPU
		Release|Any CPU = Release|Any CPU
	EndGlobalSection
	GlobalSection(ProjectConfigurationPlatforms) = postSolution
		{419C7BB4-12CE-445A-B84A-7AFD7D763C7D}.Debug|Any CPU.ActiveCfg = Debug|Any CPU
		{419C7BB4-12CE-445A-B84A-7AFD7D763C7D}.Debug|Any CPU.Build.0 = Debug|Any CPU
		{419C7BB4-12CE-445A-B84A-7AFD7D763C7D}.Release|Any CPU.ActiveCfg = Release|Any CPU
		{419C7BB4-12CE-445A-B84A-7AFD7D763C7D}.Release|Any CPU.Build.0 = Release|Any CPU
	EndGlobalSection
	GlobalSection(SolutionProperties) = preSolution
		HideSolutionNode = FALSE
	EndGlobalSection
	GlobalSection(ExtensibilityGlobals) = postSolution
		SolutionGuid = {611B5D1B-4713-46C2-9D37-3F16B4AC3F28}
	EndGlobalSection
EndGlobal
